
Microsoft Visual Studio Solution File, Format Version 12.00
Project("{FAE04EC0-301F-11D3-BF4B-00C04F79EFBC}") = "SRP", "SRP\SRP.csproj", "{498CCF48-5DA9-4B31-ABA3-6EEA408C772D}"
EndProject
Project("{FAE04EC0-301F-11D3-BF4B-00C04F79EFBC}") = "OCP", "OCP\OCP.csproj", "{161A3221-BC32-453B-914F-BA37945D9C22}"
EndProject
Project("{FAE04EC0-301F-11D3-BF4B-00C04F79EFBC}") = "LSP", "LSP\LSP.csproj", "{89CB5F04-A5D4-4D93-A6B1-2803FB9B77B8}"
EndProject
Project("{FAE04EC0-301F-11D3-BF4B-00C04F79EFBC}") = "ISP", "ISP\ISP.csproj", "{B394352C-DDFD-40AD-BE0F-9E5BDA78A80E}"
EndProject
Project("{FAE04EC0-301F-11D3-BF4B-00C04F79EFBC}") = "DIP", "DIP\DIP.csproj", "{39F24682-7CC6-4ACA-AC54-945E505C6638}"
EndProject
Global
	GlobalSection(SolutionConfigurationPlatforms) = preSolution
		Debug|Any CPU = Debug|Any CPU
		Release|Any CPU = Release|Any CPU
	EndGlobalSection
	GlobalSection(ProjectConfigurationPlatforms) = postSolution
		{498CCF48-5DA9-4B31-ABA3-6EEA408C772D}.Debug|Any CPU.ActiveCfg = Debug|Any CPU
		{498CCF48-5DA9-4B31-ABA3-6EEA408C772D}.Debug|Any CPU.Build.0 = Debug|Any CPU
		{498CCF48-5DA9-4B31-ABA3-6EEA408C772D}.Release|Any CPU.ActiveCfg = Release|Any CPU
		{498CCF48-5DA9-4B31-ABA3-6EEA408C772D}.Release|Any CPU.Build.0 = Release|Any CPU
		{161A3221-BC32-453B-914F-BA37945D9C22}.Debug|Any CPU.ActiveCfg = Debug|Any CPU
		{161A3221-BC32-453B-914F-BA37945D9C22}.Debug|Any CPU.Build.0 = Debug|Any CPU
		{161A3221-BC32-453B-914F-BA37945D9C22}.Release|Any CPU.ActiveCfg = Release|Any CPU
		{161A3221-BC32-453B-914F-BA37945D9C22}.Release|Any CPU.Build.0 = Release|Any CPU
		{89CB5F04-A5D4-4D93-A6B1-2803FB9B77B8}.Debug|Any CPU.ActiveCfg = Debug|Any CPU
		{89CB5F04-A5D4-4D93-A6B1-2803FB9B77B8}.Debug|Any CPU.Build.0 = Debug|Any CPU
		{89CB5F04-A5D4-4D93-A6B1-2803FB9B77B8}.Release|Any CPU.ActiveCfg = Release|Any CPU
		{89CB5F04-A5D4-4D93-A6B1-2803FB9B77B8}.Release|Any CPU.Build.0 = Release|Any CPU
		{B394352C-DDFD-40AD-BE0F-9E5BDA78A80E}.Debug|Any CPU.ActiveCfg = Debug|Any CPU
		{B394352C-DDFD-40AD-BE0F-9E5BDA78A80E}.Debug|Any CPU.Build.0 = Debug|Any CPU
		{B394352C-DDFD-40AD-BE0F-9E5BDA78A80E}.Release|Any CPU.ActiveCfg = Release|Any CPU
		{B394352C-DDFD-40AD-BE0F-9E5BDA78A80E}.Release|Any CPU.Build.0 = Release|Any CPU
		{39F24682-7CC6-4ACA-AC54-945E505C6638}.Debug|Any CPU.ActiveCfg = Debug|Any CPU
		{39F24682-7CC6-4ACA-AC54-945E505C6638}.Debug|Any CPU.Build.0 = Debug|Any CPU
		{39F24682-7CC6-4ACA-AC54-945E505C6638}.Release|Any CPU.ActiveCfg = Release|Any CPU
		{39F24682-7CC6-4ACA-AC54-945E505C6638}.Release|Any CPU.Build.0 = Release|Any CPU
	EndGlobalSection
EndGlobal
